// !$*UTF8*$!
{
	archiveVersion = 1;
	classes = {
	};
	objectVersion = 46;
	objects = {

/* Begin PBXBuildFile section */
		5EB541FB1C0C92B000D232F5 /* Animation.swift in Sources */ = {isa = PBXBuildFile; fileRef = 5EB541FA1C0C92B000D232F5 /* Animation.swift */; };
		5EBA94501C11CEE6009DC696 /* TMCriarViagemTresViewHeader.swift in Sources */ = {isa = PBXBuildFile; fileRef = 5EBA944F1C11CEE6009DC696 /* TMCriarViagemTresViewHeader.swift */; };
		5EC1649E1C10CD71002E6C58 /* TMCriarViagemTresViewControler.swift in Sources */ = {isa = PBXBuildFile; fileRef = 5EC1649D1C10CD71002E6C58 /* TMCriarViagemTresViewControler.swift */; };
		5EC164A81C10D524002E6C58 /* TMCriarViagemTresTableViewCell.swift in Sources */ = {isa = PBXBuildFile; fileRef = 5EC164A71C10D524002E6C58 /* TMCriarViagemTresTableViewCell.swift */; };
		5EF281BB1BE8E5B5002D90EE /* TMMenuViewController.swift in Sources */ = {isa = PBXBuildFile; fileRef = 5EF281BA1BE8E5B5002D90EE /* TMMenuViewController.swift */; };
		5EF281BF1BE8E8D6002D90EE /* TMMenuItensCell.swift in Sources */ = {isa = PBXBuildFile; fileRef = 5EF281BE1BE8E8D6002D90EE /* TMMenuItensCell.swift */; };
		5EF281C61BE8E9DF002D90EE /* Trips.swift in Sources */ = {isa = PBXBuildFile; fileRef = 5EF281C51BE8E9DF002D90EE /* Trips.swift */; };
		790B76491C07A6BC001CED07 /* TMTestPageViewController.swift in Sources */ = {isa = PBXBuildFile; fileRef = 790B76481C07A6BC001CED07 /* TMTestPageViewController.swift */; };
		7921CAEA1BF513D4008C6F6C /* ParseFacebookUtilsV4.framework in Frameworks */ = {isa = PBXBuildFile; fileRef = 7921CAE91BF513D4008C6F6C /* ParseFacebookUtilsV4.framework */; };
		7921CAEC1BF51A41008C6F6C /* TMLikeViewController.swift in Sources */ = {isa = PBXBuildFile; fileRef = 7921CAEB1BF51A41008C6F6C /* TMLikeViewController.swift */; };
		793AA9351C11DA2B00095CFD /* TMTripProjectViewCell.swift in Sources */ = {isa = PBXBuildFile; fileRef = 793AA9341C11DA2B00095CFD /* TMTripProjectViewCell.swift */; };
		793AA9371C11DFD900095CFD /* TMTripProjectHeader.swift in Sources */ = {isa = PBXBuildFile; fileRef = 793AA9361C11DFD900095CFD /* TMTripProjectHeader.swift */; };
		793B79541C3C0B0A001D2A98 /* TMSettingsTableViewController.swift in Sources */ = {isa = PBXBuildFile; fileRef = 793B79531C3C0B0A001D2A98 /* TMSettingsTableViewController.swift */; };
		793B79561C3C10CC001D2A98 /* TMProfileCells.swift in Sources */ = {isa = PBXBuildFile; fileRef = 793B79551C3C10CC001D2A98 /* TMProfileCells.swift */; };
		793B79581C3C10E1001D2A98 /* TMAccountsCells.swift in Sources */ = {isa = PBXBuildFile; fileRef = 793B79571C3C10E1001D2A98 /* TMAccountsCells.swift */; };
		793B795A1C3C10FB001D2A98 /* TMNotificationCells.swift in Sources */ = {isa = PBXBuildFile; fileRef = 793B79591C3C10FB001D2A98 /* TMNotificationCells.swift */; };
		793B795C1C3C110F001D2A98 /* TMQuitCells.swift in Sources */ = {isa = PBXBuildFile; fileRef = 793B795B1C3C110F001D2A98 /* TMQuitCells.swift */; };
		793B795E1C3C1129001D2A98 /* TMHeaderCells.swift in Sources */ = {isa = PBXBuildFile; fileRef = 793B795D1C3C1129001D2A98 /* TMHeaderCells.swift */; };
		795AB38F1BE2A00800FD6BD8 /* FBSDKLoginKit.framework in Frameworks */ = {isa = PBXBuildFile; fileRef = 795AB38C1BE2A00800FD6BD8 /* FBSDKLoginKit.framework */; };
		795AB3901BE2A00800FD6BD8 /* FBSDKShareKit.framework in Frameworks */ = {isa = PBXBuildFile; fileRef = 795AB38D1BE2A00800FD6BD8 /* FBSDKShareKit.framework */; };
		795AB3911BE2A00800FD6BD8 /* FBSDKCoreKit.framework in Frameworks */ = {isa = PBXBuildFile; fileRef = 795AB38E1BE2A00800FD6BD8 /* FBSDKCoreKit.framework */; };
		795AB3961BE2A48000FD6BD8 /* ParseUI.framework in Frameworks */ = {isa = PBXBuildFile; fileRef = 795AB3951BE2A48000FD6BD8 /* ParseUI.framework */; };
		795AB3981BE2BA0600FD6BD8 /* TMCustomLoginViewController.swift in Sources */ = {isa = PBXBuildFile; fileRef = 795AB3971BE2BA0600FD6BD8 /* TMCustomLoginViewController.swift */; };
		795AB39A1BE2BA3E00FD6BD8 /* TMCustomSignUpViewController.swift in Sources */ = {isa = PBXBuildFile; fileRef = 795AB3991BE2BA3E00FD6BD8 /* TMCustomSignUpViewController.swift */; };
		795AB39C1BE3FB3000FD6BD8 /* TMInitialViewController.swift in Sources */ = {isa = PBXBuildFile; fileRef = 795AB39B1BE3FB3000FD6BD8 /* TMInitialViewController.swift */; };
		797F98A51C04BA4000CEE13F /* TMTripProjectViewController.swift in Sources */ = {isa = PBXBuildFile; fileRef = 797F98A41C04BA4000CEE13F /* TMTripProjectViewController.swift */; };
		79BCB87E1C1B60800028F165 /* TMRecoveryPasswordViewController.swift in Sources */ = {isa = PBXBuildFile; fileRef = 79BCB87D1C1B60800028F165 /* TMRecoveryPasswordViewController.swift */; };
		79C774CB1BF2835900D51E3D /* TMSearchViewController.swift in Sources */ = {isa = PBXBuildFile; fileRef = 79C774CA1BF2835900D51E3D /* TMSearchViewController.swift */; };
		79C774D91BF3C74E00D51E3D /* TMShareViewController.swift in Sources */ = {isa = PBXBuildFile; fileRef = 79C774D81BF3C74E00D51E3D /* TMShareViewController.swift */; };
		79D4A0B41BECE4D7000E552D /* TMProfileTrips.swift in Sources */ = {isa = PBXBuildFile; fileRef = 79D4A0B31BECE4D7000E552D /* TMProfileTrips.swift */; };
		79D4A0B71BECEC36000E552D /* TMProfileViewCell.swift in Sources */ = {isa = PBXBuildFile; fileRef = 79D4A0B61BECEC36000E552D /* TMProfileViewCell.swift */; };
		79D8403F1BEBA8B200C5B8A0 /* TMProfileViewController.swift in Sources */ = {isa = PBXBuildFile; fileRef = 79D8403E1BEBA8B200C5B8A0 /* TMProfileViewController.swift */; };
		79F071551BCEE87600646DD5 /* AppDelegate.swift in Sources */ = {isa = PBXBuildFile; fileRef = 79F071541BCEE87600646DD5 /* AppDelegate.swift */; };
		79F0715A1BCEE87600646DD5 /* Main.storyboard in Resources */ = {isa = PBXBuildFile; fileRef = 79F071581BCEE87600646DD5 /* Main.storyboard */; };
		79F0715D1BCEE87600646DD5 /* Tripme.xcdatamodeld in Sources */ = {isa = PBXBuildFile; fileRef = 79F0715B1BCEE87600646DD5 /* Tripme.xcdatamodeld */; };
		79F0715F1BCEE87600646DD5 /* Assets.xcassets in Resources */ = {isa = PBXBuildFile; fileRef = 79F0715E1BCEE87600646DD5 /* Assets.xcassets */; };
		79F071621BCEE87600646DD5 /* LaunchScreen.storyboard in Resources */ = {isa = PBXBuildFile; fileRef = 79F071601BCEE87600646DD5 /* LaunchScreen.storyboard */; };
		79F0716D1BCEE87600646DD5 /* TripmeTests.swift in Sources */ = {isa = PBXBuildFile; fileRef = 79F0716C1BCEE87600646DD5 /* TripmeTests.swift */; };
		79F071781BCEE87600646DD5 /* TripmeUITests.swift in Sources */ = {isa = PBXBuildFile; fileRef = 79F071771BCEE87600646DD5 /* TripmeUITests.swift */; };
		A7280F061C0F96CE00B89E08 /* TMCriarViagemCollectionViewCell.swift in Sources */ = {isa = PBXBuildFile; fileRef = A7280F051C0F96CE00B89E08 /* TMCriarViagemCollectionViewCell.swift */; };
		A7ACB5861C0DD53500B5F24C /* TMCriarViagemViewController.swift in Sources */ = {isa = PBXBuildFile; fileRef = A7ACB5831C0DD53500B5F24C /* TMCriarViagemViewController.swift */; };
		A7ACB5871C0DD53500B5F24C /* TMCriarViagemCell.swift in Sources */ = {isa = PBXBuildFile; fileRef = A7ACB5841C0DD53500B5F24C /* TMCriarViagemCell.swift */; };
		A7ACB5881C0DD53500B5F24C /* TMCriarViagem2TableViewCell.swift in Sources */ = {isa = PBXBuildFile; fileRef = A7ACB5851C0DD53500B5F24C /* TMCriarViagem2TableViewCell.swift */; };
		A7B62CB11BE14FE600145361 /* Bolts.framework in Frameworks */ = {isa = PBXBuildFile; fileRef = A7B62CAF1BE14FE600145361 /* Bolts.framework */; };
		A7B62CB21BE14FE600145361 /* Parse.framework in Frameworks */ = {isa = PBXBuildFile; fileRef = A7B62CB01BE14FE600145361 /* Parse.framework */; };
		A7B62CB41BE1504500145361 /* AudioToolbox.framework in Frameworks */ = {isa = PBXBuildFile; fileRef = A7B62CB31BE1504500145361 /* AudioToolbox.framework */; };
		A7B62CB61BE1505D00145361 /* CFNetwork.framework in Frameworks */ = {isa = PBXBuildFile; fileRef = A7B62CB51BE1505D00145361 /* CFNetwork.framework */; };
		A7B62CB81BE1506800145361 /* CoreGraphics.framework in Frameworks */ = {isa = PBXBuildFile; fileRef = A7B62CB71BE1506800145361 /* CoreGraphics.framework */; };
		A7B62CBA1BE1507600145361 /* CoreLocation.framework in Frameworks */ = {isa = PBXBuildFile; fileRef = A7B62CB91BE1507600145361 /* CoreLocation.framework */; };
		A7B62CBC1BE1508000145361 /* QuartzCore.framework in Frameworks */ = {isa = PBXBuildFile; fileRef = A7B62CBB1BE1508000145361 /* QuartzCore.framework */; };
		A7B62CBE1BE1509100145361 /* Security.framework in Frameworks */ = {isa = PBXBuildFile; fileRef = A7B62CBD1BE1509100145361 /* Security.framework */; };
		A7B62CC21BE150A800145361 /* SystemConfiguration.framework in Frameworks */ = {isa = PBXBuildFile; fileRef = A7B62CC11BE150A800145361 /* SystemConfiguration.framework */; };
		A7B62CC41BE150B100145361 /* libz.tbd in Frameworks */ = {isa = PBXBuildFile; fileRef = A7B62CC31BE150B100145361 /* libz.tbd */; };
		A7B62CC61BE150BC00145361 /* libsqlite3.tbd in Frameworks */ = {isa = PBXBuildFile; fileRef = A7B62CC51BE150BC00145361 /* libsqlite3.tbd */; };
		A7B62CC81BE150C600145361 /* Accounts.framework in Frameworks */ = {isa = PBXBuildFile; fileRef = A7B62CC71BE150C600145361 /* Accounts.framework */; };
		A7B62CCA1BE150D000145361 /* Social.framework in Frameworks */ = {isa = PBXBuildFile; fileRef = A7B62CC91BE150D000145361 /* Social.framework */; };
		A7C9CC4B1C0F7B3200FF6D74 /* TMCriarViagemHeader.swift in Sources */ = {isa = PBXBuildFile; fileRef = A7C9CC4A1C0F7B3200FF6D74 /* TMCriarViagemHeader.swift */; };
		A7C9CC4D1C0F851F00FF6D74 /* TMCriarViagem2ViewController.swift in Sources */ = {isa = PBXBuildFile; fileRef = A7C9CC4C1C0F851F00FF6D74 /* TMCriarViagem2ViewController.swift */; };
		A7E57D971BFD15B700463174 /* CustomTableViewCell.swift in Sources */ = {isa = PBXBuildFile; fileRef = A7E57D961BFD15B700463174 /* CustomTableViewCell.swift */; };
		A7E57D991BFD3B9700463174 /* Color.swift in Sources */ = {isa = PBXBuildFile; fileRef = A7E57D981BFD3B9700463174 /* Color.swift */; };
/* End PBXBuildFile section */

/* Begin PBXContainerItemProxy section */
		79F071691BCEE87600646DD5 /* PBXContainerItemProxy */ = {
			isa = PBXContainerItemProxy;
			containerPortal = 79F071491BCEE87500646DD5 /* Project object */;
			proxyType = 1;
			remoteGlobalIDString = 79F071501BCEE87600646DD5;
			remoteInfo = Tripme;
		};
		79F071741BCEE87600646DD5 /* PBXContainerItemProxy */ = {
			isa = PBXContainerItemProxy;
			containerPortal = 79F071491BCEE87500646DD5 /* Project object */;
			proxyType = 1;
			remoteGlobalIDString = 79F071501BCEE87600646DD5;
			remoteInfo = Tripme;
		};
/* End PBXContainerItemProxy section */

/* Begin PBXFileReference section */
		5EB541FA1C0C92B000D232F5 /* Animation.swift */ = {isa = PBXFileReference; fileEncoding = 4; lastKnownFileType = sourcecode.swift; path = Animation.swift; sourceTree = "<group>"; };
		5EBA944F1C11CEE6009DC696 /* TMCriarViagemTresViewHeader.swift */ = {isa = PBXFileReference; fileEncoding = 4; lastKnownFileType = sourcecode.swift; path = TMCriarViagemTresViewHeader.swift; sourceTree = "<group>"; };
		5EC1649D1C10CD71002E6C58 /* TMCriarViagemTresViewControler.swift */ = {isa = PBXFileReference; fileEncoding = 4; lastKnownFileType = sourcecode.swift; path = TMCriarViagemTresViewControler.swift; sourceTree = "<group>"; };
		5EC164A71C10D524002E6C58 /* TMCriarViagemTresTableViewCell.swift */ = {isa = PBXFileReference; fileEncoding = 4; lastKnownFileType = sourcecode.swift; path = TMCriarViagemTresTableViewCell.swift; sourceTree = "<group>"; };
		5EF281BA1BE8E5B5002D90EE /* TMMenuViewController.swift */ = {isa = PBXFileReference; fileEncoding = 4; lastKnownFileType = sourcecode.swift; path = TMMenuViewController.swift; sourceTree = "<group>"; };
		5EF281BE1BE8E8D6002D90EE /* TMMenuItensCell.swift */ = {isa = PBXFileReference; fileEncoding = 4; lastKnownFileType = sourcecode.swift; path = TMMenuItensCell.swift; sourceTree = "<group>"; };
		5EF281C51BE8E9DF002D90EE /* Trips.swift */ = {isa = PBXFileReference; fileEncoding = 4; lastKnownFileType = sourcecode.swift; path = Trips.swift; sourceTree = "<group>"; };
		790B76481C07A6BC001CED07 /* TMTestPageViewController.swift */ = {isa = PBXFileReference; fileEncoding = 4; lastKnownFileType = sourcecode.swift; path = TMTestPageViewController.swift; sourceTree = "<group>"; };
		7921CAE91BF513D4008C6F6C /* ParseFacebookUtilsV4.framework */ = {isa = PBXFileReference; lastKnownFileType = wrapper.framework; path = ParseFacebookUtilsV4.framework; sourceTree = "<group>"; };
		7921CAEB1BF51A41008C6F6C /* TMLikeViewController.swift */ = {isa = PBXFileReference; fileEncoding = 4; lastKnownFileType = sourcecode.swift; path = TMLikeViewController.swift; sourceTree = "<group>"; };
		793AA9341C11DA2B00095CFD /* TMTripProjectViewCell.swift */ = {isa = PBXFileReference; fileEncoding = 4; lastKnownFileType = sourcecode.swift; path = TMTripProjectViewCell.swift; sourceTree = "<group>"; };
		793AA9361C11DFD900095CFD /* TMTripProjectHeader.swift */ = {isa = PBXFileReference; fileEncoding = 4; lastKnownFileType = sourcecode.swift; path = TMTripProjectHeader.swift; sourceTree = "<group>"; };
		793B79531C3C0B0A001D2A98 /* TMSettingsTableViewController.swift */ = {isa = PBXFileReference; fileEncoding = 4; lastKnownFileType = sourcecode.swift; path = TMSettingsTableViewController.swift; sourceTree = "<group>"; };
		793B79551C3C10CC001D2A98 /* TMProfileCells.swift */ = {isa = PBXFileReference; fileEncoding = 4; lastKnownFileType = sourcecode.swift; path = TMProfileCells.swift; sourceTree = "<group>"; };
		793B79571C3C10E1001D2A98 /* TMAccountsCells.swift */ = {isa = PBXFileReference; fileEncoding = 4; lastKnownFileType = sourcecode.swift; path = TMAccountsCells.swift; sourceTree = "<group>"; };
		793B79591C3C10FB001D2A98 /* TMNotificationCells.swift */ = {isa = PBXFileReference; fileEncoding = 4; lastKnownFileType = sourcecode.swift; path = TMNotificationCells.swift; sourceTree = "<group>"; };
		793B795B1C3C110F001D2A98 /* TMQuitCells.swift */ = {isa = PBXFileReference; fileEncoding = 4; lastKnownFileType = sourcecode.swift; path = TMQuitCells.swift; sourceTree = "<group>"; };
		793B795D1C3C1129001D2A98 /* TMHeaderCells.swift */ = {isa = PBXFileReference; fileEncoding = 4; lastKnownFileType = sourcecode.swift; path = TMHeaderCells.swift; sourceTree = "<group>"; };
		795AB38C1BE2A00800FD6BD8 /* FBSDKLoginKit.framework */ = {isa = PBXFileReference; lastKnownFileType = wrapper.framework; path = FBSDKLoginKit.framework; sourceTree = "<group>"; };
		795AB38D1BE2A00800FD6BD8 /* FBSDKShareKit.framework */ = {isa = PBXFileReference; lastKnownFileType = wrapper.framework; path = FBSDKShareKit.framework; sourceTree = "<group>"; };
		795AB38E1BE2A00800FD6BD8 /* FBSDKCoreKit.framework */ = {isa = PBXFileReference; lastKnownFileType = wrapper.framework; path = FBSDKCoreKit.framework; sourceTree = "<group>"; };
		795AB3951BE2A48000FD6BD8 /* ParseUI.framework */ = {isa = PBXFileReference; lastKnownFileType = wrapper.framework; path = ParseUI.framework; sourceTree = "<group>"; };
		795AB3971BE2BA0600FD6BD8 /* TMCustomLoginViewController.swift */ = {isa = PBXFileReference; fileEncoding = 4; lastKnownFileType = sourcecode.swift; path = TMCustomLoginViewController.swift; sourceTree = "<group>"; };
		795AB3991BE2BA3E00FD6BD8 /* TMCustomSignUpViewController.swift */ = {isa = PBXFileReference; fileEncoding = 4; lastKnownFileType = sourcecode.swift; path = TMCustomSignUpViewController.swift; sourceTree = "<group>"; };
		795AB39B1BE3FB3000FD6BD8 /* TMInitialViewController.swift */ = {isa = PBXFileReference; fileEncoding = 4; lastKnownFileType = sourcecode.swift; path = TMInitialViewController.swift; sourceTree = "<group>"; };
		797F98A41C04BA4000CEE13F /* TMTripProjectViewController.swift */ = {isa = PBXFileReference; fileEncoding = 4; lastKnownFileType = sourcecode.swift; path = TMTripProjectViewController.swift; sourceTree = "<group>"; };
		79BCB87D1C1B60800028F165 /* TMRecoveryPasswordViewController.swift */ = {isa = PBXFileReference; fileEncoding = 4; lastKnownFileType = sourcecode.swift; path = TMRecoveryPasswordViewController.swift; sourceTree = "<group>"; };
		79C774CA1BF2835900D51E3D /* TMSearchViewController.swift */ = {isa = PBXFileReference; fileEncoding = 4; lastKnownFileType = sourcecode.swift; path = TMSearchViewController.swift; sourceTree = "<group>"; };
		79C774D81BF3C74E00D51E3D /* TMShareViewController.swift */ = {isa = PBXFileReference; fileEncoding = 4; lastKnownFileType = sourcecode.swift; path = TMShareViewController.swift; sourceTree = "<group>"; };
		79D4A0B31BECE4D7000E552D /* TMProfileTrips.swift */ = {isa = PBXFileReference; fileEncoding = 4; lastKnownFileType = sourcecode.swift; path = TMProfileTrips.swift; sourceTree = "<group>"; };
		79D4A0B61BECEC36000E552D /* TMProfileViewCell.swift */ = {isa = PBXFileReference; fileEncoding = 4; lastKnownFileType = sourcecode.swift; path = TMProfileViewCell.swift; sourceTree = "<group>"; };
		79D8403E1BEBA8B200C5B8A0 /* TMProfileViewController.swift */ = {isa = PBXFileReference; fileEncoding = 4; lastKnownFileType = sourcecode.swift; path = TMProfileViewController.swift; sourceTree = "<group>"; };
		79F071511BCEE87600646DD5 /* Tripme.app */ = {isa = PBXFileReference; explicitFileType = wrapper.application; includeInIndex = 0; path = Tripme.app; sourceTree = BUILT_PRODUCTS_DIR; };
		79F071541BCEE87600646DD5 /* AppDelegate.swift */ = {isa = PBXFileReference; lastKnownFileType = sourcecode.swift; path = AppDelegate.swift; sourceTree = "<group>"; };
		79F071591BCEE87600646DD5 /* Base */ = {isa = PBXFileReference; lastKnownFileType = file.storyboard; name = Base; path = Base.lproj/Main.storyboard; sourceTree = "<group>"; };
		79F0715C1BCEE87600646DD5 /* Tripme.xcdatamodel */ = {isa = PBXFileReference; lastKnownFileType = wrapper.xcdatamodel; path = Tripme.xcdatamodel; sourceTree = "<group>"; };
		79F0715E1BCEE87600646DD5 /* Assets.xcassets */ = {isa = PBXFileReference; lastKnownFileType = folder.assetcatalog; path = Assets.xcassets; sourceTree = "<group>"; };
		79F071611BCEE87600646DD5 /* Base */ = {isa = PBXFileReference; lastKnownFileType = file.storyboard; name = Base; path = Base.lproj/LaunchScreen.storyboard; sourceTree = "<group>"; };
		79F071631BCEE87600646DD5 /* Info.plist */ = {isa = PBXFileReference; lastKnownFileType = text.plist.xml; path = Info.plist; sourceTree = "<group>"; };
		79F071681BCEE87600646DD5 /* TripmeTests.xctest */ = {isa = PBXFileReference; explicitFileType = wrapper.cfbundle; includeInIndex = 0; path = TripmeTests.xctest; sourceTree = BUILT_PRODUCTS_DIR; };
		79F0716C1BCEE87600646DD5 /* TripmeTests.swift */ = {isa = PBXFileReference; lastKnownFileType = sourcecode.swift; path = TripmeTests.swift; sourceTree = "<group>"; };
		79F0716E1BCEE87600646DD5 /* Info.plist */ = {isa = PBXFileReference; lastKnownFileType = text.plist.xml; path = Info.plist; sourceTree = "<group>"; };
		79F071731BCEE87600646DD5 /* TripmeUITests.xctest */ = {isa = PBXFileReference; explicitFileType = wrapper.cfbundle; includeInIndex = 0; path = TripmeUITests.xctest; sourceTree = BUILT_PRODUCTS_DIR; };
		79F071771BCEE87600646DD5 /* TripmeUITests.swift */ = {isa = PBXFileReference; lastKnownFileType = sourcecode.swift; path = TripmeUITests.swift; sourceTree = "<group>"; };
		79F071791BCEE87600646DD5 /* Info.plist */ = {isa = PBXFileReference; lastKnownFileType = text.plist.xml; path = Info.plist; sourceTree = "<group>"; };
		A714B1621BFBB47200990971 /* Gidole-Regular.ttf */ = {isa = PBXFileReference; lastKnownFileType = file; path = "Gidole-Regular.ttf"; sourceTree = "<group>"; };
		A714B1631BFBB53900990971 /* Tondo_Trial_Bd.ttf */ = {isa = PBXFileReference; lastKnownFileType = file; path = Tondo_Trial_Bd.ttf; sourceTree = "<group>"; };
		A714B1641BFBB53900990971 /* Tondo_Trial_Lt.ttf */ = {isa = PBXFileReference; lastKnownFileType = file; path = Tondo_Trial_Lt.ttf; sourceTree = "<group>"; };
		A714B1651BFBB53900990971 /* Tondo_Trial_Rg.ttf */ = {isa = PBXFileReference; lastKnownFileType = file; path = Tondo_Trial_Rg.ttf; sourceTree = "<group>"; };
		A714B1661BFBB53900990971 /* Tondo_Trial_Sign.ttf */ = {isa = PBXFileReference; lastKnownFileType = file; path = Tondo_Trial_Sign.ttf; sourceTree = "<group>"; };
		A7280F051C0F96CE00B89E08 /* TMCriarViagemCollectionViewCell.swift */ = {isa = PBXFileReference; fileEncoding = 4; lastKnownFileType = sourcecode.swift; path = TMCriarViagemCollectionViewCell.swift; sourceTree = "<group>"; };
		A7ACB5831C0DD53500B5F24C /* TMCriarViagemViewController.swift */ = {isa = PBXFileReference; fileEncoding = 4; lastKnownFileType = sourcecode.swift; path = TMCriarViagemViewController.swift; sourceTree = "<group>"; };
		A7ACB5841C0DD53500B5F24C /* TMCriarViagemCell.swift */ = {isa = PBXFileReference; fileEncoding = 4; lastKnownFileType = sourcecode.swift; path = TMCriarViagemCell.swift; sourceTree = "<group>"; };
		A7ACB5851C0DD53500B5F24C /* TMCriarViagem2TableViewCell.swift */ = {isa = PBXFileReference; fileEncoding = 4; lastKnownFileType = sourcecode.swift; path = TMCriarViagem2TableViewCell.swift; sourceTree = "<group>"; };
		A7B62CAF1BE14FE600145361 /* Bolts.framework */ = {isa = PBXFileReference; lastKnownFileType = wrapper.framework; path = Bolts.framework; sourceTree = "<group>"; };
		A7B62CB01BE14FE600145361 /* Parse.framework */ = {isa = PBXFileReference; lastKnownFileType = wrapper.framework; path = Parse.framework; sourceTree = "<group>"; };
		A7B62CB31BE1504500145361 /* AudioToolbox.framework */ = {isa = PBXFileReference; lastKnownFileType = wrapper.framework; name = AudioToolbox.framework; path = System/Library/Frameworks/AudioToolbox.framework; sourceTree = SDKROOT; };
		A7B62CB51BE1505D00145361 /* CFNetwork.framework */ = {isa = PBXFileReference; lastKnownFileType = wrapper.framework; name = CFNetwork.framework; path = System/Library/Frameworks/CFNetwork.framework; sourceTree = SDKROOT; };
		A7B62CB71BE1506800145361 /* CoreGraphics.framework */ = {isa = PBXFileReference; lastKnownFileType = wrapper.framework; name = CoreGraphics.framework; path = System/Library/Frameworks/CoreGraphics.framework; sourceTree = SDKROOT; };
		A7B62CB91BE1507600145361 /* CoreLocation.framework */ = {isa = PBXFileReference; lastKnownFileType = wrapper.framework; name = CoreLocation.framework; path = System/Library/Frameworks/CoreLocation.framework; sourceTree = SDKROOT; };
		A7B62CBB1BE1508000145361 /* QuartzCore.framework */ = {isa = PBXFileReference; lastKnownFileType = wrapper.framework; name = QuartzCore.framework; path = System/Library/Frameworks/QuartzCore.framework; sourceTree = SDKROOT; };
		A7B62CBD1BE1509100145361 /* Security.framework */ = {isa = PBXFileReference; lastKnownFileType = wrapper.framework; name = Security.framework; path = System/Library/Frameworks/Security.framework; sourceTree = SDKROOT; };
		A7B62CC11BE150A800145361 /* SystemConfiguration.framework */ = {isa = PBXFileReference; lastKnownFileType = wrapper.framework; name = SystemConfiguration.framework; path = System/Library/Frameworks/SystemConfiguration.framework; sourceTree = SDKROOT; };
		A7B62CC31BE150B100145361 /* libz.tbd */ = {isa = PBXFileReference; lastKnownFileType = "sourcecode.text-based-dylib-definition"; name = libz.tbd; path = usr/lib/libz.tbd; sourceTree = SDKROOT; };
		A7B62CC51BE150BC00145361 /* libsqlite3.tbd */ = {isa = PBXFileReference; lastKnownFileType = "sourcecode.text-based-dylib-definition"; name = libsqlite3.tbd; path = usr/lib/libsqlite3.tbd; sourceTree = SDKROOT; };
		A7B62CC71BE150C600145361 /* Accounts.framework */ = {isa = PBXFileReference; lastKnownFileType = wrapper.framework; name = Accounts.framework; path = System/Library/Frameworks/Accounts.framework; sourceTree = SDKROOT; };
		A7B62CC91BE150D000145361 /* Social.framework */ = {isa = PBXFileReference; lastKnownFileType = wrapper.framework; name = Social.framework; path = System/Library/Frameworks/Social.framework; sourceTree = SDKROOT; };
		A7C9CC4A1C0F7B3200FF6D74 /* TMCriarViagemHeader.swift */ = {isa = PBXFileReference; fileEncoding = 4; lastKnownFileType = sourcecode.swift; path = TMCriarViagemHeader.swift; sourceTree = "<group>"; };
		A7C9CC4C1C0F851F00FF6D74 /* TMCriarViagem2ViewController.swift */ = {isa = PBXFileReference; fileEncoding = 4; lastKnownFileType = sourcecode.swift; path = TMCriarViagem2ViewController.swift; sourceTree = "<group>"; };
		A7E57D961BFD15B700463174 /* CustomTableViewCell.swift */ = {isa = PBXFileReference; fileEncoding = 4; lastKnownFileType = sourcecode.swift; path = CustomTableViewCell.swift; sourceTree = "<group>"; };
		A7E57D981BFD3B9700463174 /* Color.swift */ = {isa = PBXFileReference; fileEncoding = 4; lastKnownFileType = sourcecode.swift; path = Color.swift; sourceTree = "<group>"; };
/* End PBXFileReference section */

/* Begin PBXFrameworksBuildPhase section */
		79F0714E1BCEE87600646DD5 /* Frameworks */ = {
			isa = PBXFrameworksBuildPhase;
			buildActionMask = 2147483647;
			files = (
				795AB3961BE2A48000FD6BD8 /* ParseUI.framework in Frameworks */,
				A7B62CCA1BE150D000145361 /* Social.framework in Frameworks */,
				A7B62CC81BE150C600145361 /* Accounts.framework in Frameworks */,
				795AB3911BE2A00800FD6BD8 /* FBSDKCoreKit.framework in Frameworks */,
				795AB38F1BE2A00800FD6BD8 /* FBSDKLoginKit.framework in Frameworks */,
				A7B62CC61BE150BC00145361 /* libsqlite3.tbd in Frameworks */,
				A7B62CC41BE150B100145361 /* libz.tbd in Frameworks */,
				A7B62CC21BE150A800145361 /* SystemConfiguration.framework in Frameworks */,
				A7B62CBE1BE1509100145361 /* Security.framework in Frameworks */,
				795AB3901BE2A00800FD6BD8 /* FBSDKShareKit.framework in Frameworks */,
				A7B62CBC1BE1508000145361 /* QuartzCore.framework in Frameworks */,
				A7B62CBA1BE1507600145361 /* CoreLocation.framework in Frameworks */,
				A7B62CB81BE1506800145361 /* CoreGraphics.framework in Frameworks */,
				A7B62CB61BE1505D00145361 /* CFNetwork.framework in Frameworks */,
				7921CAEA1BF513D4008C6F6C /* ParseFacebookUtilsV4.framework in Frameworks */,
				A7B62CB41BE1504500145361 /* AudioToolbox.framework in Frameworks */,
				A7B62CB21BE14FE600145361 /* Parse.framework in Frameworks */,
				A7B62CB11BE14FE600145361 /* Bolts.framework in Frameworks */,
			);
			runOnlyForDeploymentPostprocessing = 0;
		};
		79F071651BCEE87600646DD5 /* Frameworks */ = {
			isa = PBXFrameworksBuildPhase;
			buildActionMask = 2147483647;
			files = (
			);
			runOnlyForDeploymentPostprocessing = 0;
		};
		79F071701BCEE87600646DD5 /* Frameworks */ = {
			isa = PBXFrameworksBuildPhase;
			buildActionMask = 2147483647;
			files = (
			);
			runOnlyForDeploymentPostprocessing = 0;
		};
/* End PBXFrameworksBuildPhase section */

/* Begin PBXGroup section */
		5EC1649C1C10C488002E6C58 /* Tela3 */ = {
			isa = PBXGroup;
			children = (
				5EC1649D1C10CD71002E6C58 /* TMCriarViagemTresViewControler.swift */,
				5EBA944F1C11CEE6009DC696 /* TMCriarViagemTresViewHeader.swift */,
				5EC164A71C10D524002E6C58 /* TMCriarViagemTresTableViewCell.swift */,
			);
			name = Tela3;
			sourceTree = "<group>";
		};
		5EF281C01BE8E928002D90EE /* Menu Inicial */ = {
			isa = PBXGroup;
			children = (
				5EF281BA1BE8E5B5002D90EE /* TMMenuViewController.swift */,
				5EF281BE1BE8E8D6002D90EE /* TMMenuItensCell.swift */,
				5EF281C51BE8E9DF002D90EE /* Trips.swift */,
			);
			name = "Menu Inicial";
			sourceTree = "<group>";
		};
		793AA9331C11DA0700095CFD /* Viagem */ = {
			isa = PBXGroup;
			children = (
				793AA9341C11DA2B00095CFD /* TMTripProjectViewCell.swift */,
				793AA9361C11DFD900095CFD /* TMTripProjectHeader.swift */,
			);
			name = Viagem;
			sourceTree = "<group>";
		};
		793B79501C3C03B9001D2A98 /* Settings */ = {
			isa = PBXGroup;
			children = (
				793B79531C3C0B0A001D2A98 /* TMSettingsTableViewController.swift */,
				793B79551C3C10CC001D2A98 /* TMProfileCells.swift */,
				793B79571C3C10E1001D2A98 /* TMAccountsCells.swift */,
				793B79591C3C10FB001D2A98 /* TMNotificationCells.swift */,
				793B795B1C3C110F001D2A98 /* TMQuitCells.swift */,
				793B795D1C3C1129001D2A98 /* TMHeaderCells.swift */,
			);
			name = Settings;
			sourceTree = "<group>";
		};
		795AB3921BE2A28700FD6BD8 /* View */ = {
			isa = PBXGroup;
			children = (
				79F071581BCEE87600646DD5 /* Main.storyboard */,
				79F071601BCEE87600646DD5 /* LaunchScreen.storyboard */,
			);
			name = View;
			sourceTree = "<group>";
		};
		795AB3931BE2A29800FD6BD8 /* Controller */ = {
			isa = PBXGroup;
			children = (
				793B79501C3C03B9001D2A98 /* Settings */,
				793AA9331C11DA0700095CFD /* Viagem */,
				A7ACB5821C0DD51100B5F24C /* CriarViagem */,
				5EF281C01BE8E928002D90EE /* Menu Inicial */,
				79D4A0B51BECEC1B000E552D /* Profile */,
				79C774D81BF3C74E00D51E3D /* TMShareViewController.swift */,
				795AB3991BE2BA3E00FD6BD8 /* TMCustomSignUpViewController.swift */,
				79C774CA1BF2835900D51E3D /* TMSearchViewController.swift */,
			);
			name = Controller;
			sourceTree = "<group>";
		};
		795AB3941BE2A2A900FD6BD8 /* Model */ = {
			isa = PBXGroup;
			children = (
				79F0715B1BCEE87600646DD5 /* Tripme.xcdatamodeld */,
				79F071631BCEE87600646DD5 /* Info.plist */,
				A7E57D981BFD3B9700463174 /* Color.swift */,
				5EB541FA1C0C92B000D232F5 /* Animation.swift */,
				79D4A0B31BECE4D7000E552D /* TMProfileTrips.swift */,
			);
			name = Model;
			sourceTree = "<group>";
		};
		79D4A0B51BECEC1B000E552D /* Profile */ = {
			isa = PBXGroup;
			children = (
				7921CAEB1BF51A41008C6F6C /* TMLikeViewController.swift */,
				795AB3971BE2BA0600FD6BD8 /* TMCustomLoginViewController.swift */,
				79D4A0B61BECEC36000E552D /* TMProfileViewCell.swift */,
				A7E57D961BFD15B700463174 /* CustomTableViewCell.swift */,
				79BCB87D1C1B60800028F165 /* TMRecoveryPasswordViewController.swift */,
				795AB39B1BE3FB3000FD6BD8 /* TMInitialViewController.swift */,
			);
			name = Profile;
			sourceTree = "<group>";
		};
		79F071481BCEE87500646DD5 = {
			isa = PBXGroup;
			children = (
				79F071531BCEE87600646DD5 /* Tripme */,
				79F0716B1BCEE87600646DD5 /* TripmeTests */,
				79F071761BCEE87600646DD5 /* TripmeUITests */,
				79F071521BCEE87600646DD5 /* Products */,
			);
			sourceTree = "<group>";
		};
		79F071521BCEE87600646DD5 /* Products */ = {
			isa = PBXGroup;
			children = (
				79F071511BCEE87600646DD5 /* Tripme.app */,
				79F071681BCEE87600646DD5 /* TripmeTests.xctest */,
				79F071731BCEE87600646DD5 /* TripmeUITests.xctest */,
			);
			name = Products;
			sourceTree = "<group>";
		};
		79F071531BCEE87600646DD5 /* Tripme */ = {
			isa = PBXGroup;
			children = (
				A714B1611BFBB3CB00990971 /* Fontes */,
				795AB3941BE2A2A900FD6BD8 /* Model */,
				795AB3931BE2A29800FD6BD8 /* Controller */,
				795AB3921BE2A28700FD6BD8 /* View */,
				A7B62CAE1BE14FAB00145361 /* Frameworks */,
				79F071541BCEE87600646DD5 /* AppDelegate.swift */,
				79F0715E1BCEE87600646DD5 /* Assets.xcassets */,
			);
			path = Tripme;
			sourceTree = "<group>";
		};
		79F0716B1BCEE87600646DD5 /* TripmeTests */ = {
			isa = PBXGroup;
			children = (
				79F0716C1BCEE87600646DD5 /* TripmeTests.swift */,
				79F0716E1BCEE87600646DD5 /* Info.plist */,
			);
			path = TripmeTests;
			sourceTree = "<group>";
		};
		79F071761BCEE87600646DD5 /* TripmeUITests */ = {
			isa = PBXGroup;
			children = (
				79F071771BCEE87600646DD5 /* TripmeUITests.swift */,
				79F071791BCEE87600646DD5 /* Info.plist */,
			);
			path = TripmeUITests;
			sourceTree = "<group>";
		};
		A714B1611BFBB3CB00990971 /* Fontes */ = {
			isa = PBXGroup;
			children = (
				A714B1631BFBB53900990971 /* Tondo_Trial_Bd.ttf */,
				A714B1641BFBB53900990971 /* Tondo_Trial_Lt.ttf */,
				A714B1651BFBB53900990971 /* Tondo_Trial_Rg.ttf */,
				A714B1661BFBB53900990971 /* Tondo_Trial_Sign.ttf */,
				A714B1621BFBB47200990971 /* Gidole-Regular.ttf */,
			);
			name = Fontes;
			sourceTree = "<group>";
		};
		A7280F031C0F94DA00B89E08 /* Tela1 */ = {
			isa = PBXGroup;
			children = (
				A7ACB5831C0DD53500B5F24C /* TMCriarViagemViewController.swift */,
				A7ACB5841C0DD53500B5F24C /* TMCriarViagemCell.swift */,
				A7ACB5851C0DD53500B5F24C /* TMCriarViagem2TableViewCell.swift */,
				A7C9CC4A1C0F7B3200FF6D74 /* TMCriarViagemHeader.swift */,
			);
			name = Tela1;
			sourceTree = "<group>";
		};
		A7280F041C0F94F200B89E08 /* Tela2 */ = {
			isa = PBXGroup;
			children = (
				A7C9CC4C1C0F851F00FF6D74 /* TMCriarViagem2ViewController.swift */,
				A7280F051C0F96CE00B89E08 /* TMCriarViagemCollectionViewCell.swift */,
			);
			name = Tela2;
			sourceTree = "<group>";
		};
		A7ACB5821C0DD51100B5F24C /* CriarViagem */ = {
			isa = PBXGroup;
			children = (
				5EC1649C1C10C488002E6C58 /* Tela3 */,
				A7280F041C0F94F200B89E08 /* Tela2 */,
				A7280F031C0F94DA00B89E08 /* Tela1 */,
			);
			name = CriarViagem;
			sourceTree = "<group>";
		};
		A7B62CAE1BE14FAB00145361 /* Frameworks */ = {
			isa = PBXGroup;
			children = (
				7921CAE91BF513D4008C6F6C /* ParseFacebookUtilsV4.framework */,
				A7B62CC91BE150D000145361 /* Social.framework */,
				A7B62CC71BE150C600145361 /* Accounts.framework */,
				A7B62CC51BE150BC00145361 /* libsqlite3.tbd */,
				A7B62CC31BE150B100145361 /* libz.tbd */,
				795AB3951BE2A48000FD6BD8 /* ParseUI.framework */,
				795AB38C1BE2A00800FD6BD8 /* FBSDKLoginKit.framework */,
				795AB38D1BE2A00800FD6BD8 /* FBSDKShareKit.framework */,
				795AB38E1BE2A00800FD6BD8 /* FBSDKCoreKit.framework */,
				A7B62CC11BE150A800145361 /* SystemConfiguration.framework */,
				A7B62CBD1BE1509100145361 /* Security.framework */,
				A7B62CBB1BE1508000145361 /* QuartzCore.framework */,
				A7B62CB91BE1507600145361 /* CoreLocation.framework */,
				A7B62CB71BE1506800145361 /* CoreGraphics.framework */,
				A7B62CB51BE1505D00145361 /* CFNetwork.framework */,
				A7B62CB31BE1504500145361 /* AudioToolbox.framework */,
				A7B62CAF1BE14FE600145361 /* Bolts.framework */,
				A7B62CB01BE14FE600145361 /* Parse.framework */,
			);
			name = Frameworks;
			sourceTree = "<group>";
		};
/* End PBXGroup section */

/* Begin PBXNativeTarget section */
		79F071501BCEE87600646DD5 /* Tripme */ = {
			isa = PBXNativeTarget;
			buildConfigurationList = 79F0717C1BCEE87600646DD5 /* Build configuration list for PBXNativeTarget "Tripme" */;
			buildPhases = (
				79F0714D1BCEE87600646DD5 /* Sources */,
				79F0714E1BCEE87600646DD5 /* Frameworks */,
				79F0714F1BCEE87600646DD5 /* Resources */,
			);
			buildRules = (
			);
			dependencies = (
			);
			name = Tripme;
			productName = Tripme;
			productReference = 79F071511BCEE87600646DD5 /* Tripme.app */;
			productType = "com.apple.product-type.application";
		};
		79F071671BCEE87600646DD5 /* TripmeTests */ = {
			isa = PBXNativeTarget;
			buildConfigurationList = 79F0717F1BCEE87600646DD5 /* Build configuration list for PBXNativeTarget "TripmeTests" */;
			buildPhases = (
				79F071641BCEE87600646DD5 /* Sources */,
				79F071651BCEE87600646DD5 /* Frameworks */,
				79F071661BCEE87600646DD5 /* Resources */,
			);
			buildRules = (
			);
			dependencies = (
				79F0716A1BCEE87600646DD5 /* PBXTargetDependency */,
			);
			name = TripmeTests;
			productName = TripmeTests;
			productReference = 79F071681BCEE87600646DD5 /* TripmeTests.xctest */;
			productType = "com.apple.product-type.bundle.unit-test";
		};
		79F071721BCEE87600646DD5 /* TripmeUITests */ = {
			isa = PBXNativeTarget;
			buildConfigurationList = 79F071821BCEE87600646DD5 /* Build configuration list for PBXNativeTarget "TripmeUITests" */;
			buildPhases = (
				79F0716F1BCEE87600646DD5 /* Sources */,
				79F071701BCEE87600646DD5 /* Frameworks */,
				79F071711BCEE87600646DD5 /* Resources */,
			);
			buildRules = (
			);
			dependencies = (
				79F071751BCEE87600646DD5 /* PBXTargetDependency */,
			);
			name = TripmeUITests;
			productName = TripmeUITests;
			productReference = 79F071731BCEE87600646DD5 /* TripmeUITests.xctest */;
			productType = "com.apple.product-type.bundle.ui-testing";
		};
/* End PBXNativeTarget section */

/* Begin PBXProject section */
		79F071491BCEE87500646DD5 /* Project object */ = {
			isa = PBXProject;
			attributes = {
				LastUpgradeCheck = 0700;
				ORGANIZATIONNAME = "Rodrigo DAngelo Silva Machado";
				TargetAttributes = {
					79F071501BCEE87600646DD5 = {
						CreatedOnToolsVersion = 7.0.1;
						DevelopmentTeam = 34PHTXR9K4;
						SystemCapabilities = {
							com.apple.InAppPurchase = {
								enabled = 0;
							};
						};
					};
					79F071671BCEE87600646DD5 = {
						CreatedOnToolsVersion = 7.0.1;
						TestTargetID = 79F071501BCEE87600646DD5;
					};
					79F071721BCEE87600646DD5 = {
						CreatedOnToolsVersion = 7.0.1;
						TestTargetID = 79F071501BCEE87600646DD5;
					};
				};
			};
			buildConfigurationList = 79F0714C1BCEE87500646DD5 /* Build configuration list for PBXProject "Tripme" */;
			compatibilityVersion = "Xcode 3.2";
			developmentRegion = English;
			hasScannedForEncodings = 0;
			knownRegions = (
				en,
				Base,
			);
			mainGroup = 79F071481BCEE87500646DD5;
			productRefGroup = 79F071521BCEE87600646DD5 /* Products */;
			projectDirPath = "";
			projectRoot = "";
			targets = (
				79F071501BCEE87600646DD5 /* Tripme */,
				79F071671BCEE87600646DD5 /* TripmeTests */,
				79F071721BCEE87600646DD5 /* TripmeUITests */,
			);
		};
/* End PBXProject section */

/* Begin PBXResourcesBuildPhase section */
		79F0714F1BCEE87600646DD5 /* Resources */ = {
			isa = PBXResourcesBuildPhase;
			buildActionMask = 2147483647;
			files = (
				79F071621BCEE87600646DD5 /* LaunchScreen.storyboard in Resources */,
				79F0715F1BCEE87600646DD5 /* Assets.xcassets in Resources */,
				79F0715A1BCEE87600646DD5 /* Main.storyboard in Resources */,
			);
			runOnlyForDeploymentPostprocessing = 0;
		};
		79F071661BCEE87600646DD5 /* Resources */ = {
			isa = PBXResourcesBuildPhase;
			buildActionMask = 2147483647;
			files = (
			);
			runOnlyForDeploymentPostprocessing = 0;
		};
		79F071711BCEE87600646DD5 /* Resources */ = {
			isa = PBXResourcesBuildPhase;
			buildActionMask = 2147483647;
			files = (
			);
			runOnlyForDeploymentPostprocessing = 0;
		};
/* End PBXResourcesBuildPhase section */

/* Begin PBXSourcesBuildPhase section */
		79F0714D1BCEE87600646DD5 /* Sources */ = {
			isa = PBXSourcesBuildPhase;
			buildActionMask = 2147483647;
			files = (
				79BCB87E1C1B60800028F165 /* TMRecoveryPasswordViewController.swift in Sources */,
				797F98A51C04BA4000CEE13F /* TMTripProjectViewController.swift in Sources */,
				7921CAEC1BF51A41008C6F6C /* TMLikeViewController.swift in Sources */,
				793B795C1C3C110F001D2A98 /* TMQuitCells.swift in Sources */,
				A7ACB5861C0DD53500B5F24C /* TMCriarViagemViewController.swift in Sources */,
				5EF281C61BE8E9DF002D90EE /* Trips.swift in Sources */,
				793AA9371C11DFD900095CFD /* TMTripProjectHeader.swift in Sources */,
				5EC1649E1C10CD71002E6C58 /* TMCriarViagemTresViewControler.swift in Sources */,
				A7ACB5881C0DD53500B5F24C /* TMCriarViagem2TableViewCell.swift in Sources */,
				79D8403F1BEBA8B200C5B8A0 /* TMProfileViewController.swift in Sources */,
				5EB541FB1C0C92B000D232F5 /* Animation.swift in Sources */,
				5EF281BF1BE8E8D6002D90EE /* TMMenuItensCell.swift in Sources */,
				795AB39A1BE2BA3E00FD6BD8 /* TMCustomSignUpViewController.swift in Sources */,
				5EBA94501C11CEE6009DC696 /* TMCriarViagemTresViewHeader.swift in Sources */,
				A7E57D991BFD3B9700463174 /* Color.swift in Sources */,
				79C774D91BF3C74E00D51E3D /* TMShareViewController.swift in Sources */,
				793B79541C3C0B0A001D2A98 /* TMSettingsTableViewController.swift in Sources */,
				A7E57D971BFD15B700463174 /* CustomTableViewCell.swift in Sources */,
				A7ACB5871C0DD53500B5F24C /* TMCriarViagemCell.swift in Sources */,
				79F071551BCEE87600646DD5 /* AppDelegate.swift in Sources */,
				790B76491C07A6BC001CED07 /* TMTestPageViewController.swift in Sources */,
				79D4A0B41BECE4D7000E552D /* TMProfileTrips.swift in Sources */,
				793B795A1C3C10FB001D2A98 /* TMNotificationCells.swift in Sources */,
				793B79561C3C10CC001D2A98 /* TMProfileCells.swift in Sources */,
				793B79581C3C10E1001D2A98 /* TMAccountsCells.swift in Sources */,
				795AB3981BE2BA0600FD6BD8 /* TMCustomLoginViewController.swift in Sources */,
				A7280F061C0F96CE00B89E08 /* TMCriarViagemCollectionViewCell.swift in Sources */,
				795AB39C1BE3FB3000FD6BD8 /* TMInitialViewController.swift in Sources */,
				79D4A0B71BECEC36000E552D /* TMProfileViewCell.swift in Sources */,
				5EC164A81C10D524002E6C58 /* TMCriarViagemTresTableViewCell.swift in Sources */,
				79C774CB1BF2835900D51E3D /* TMSearchViewController.swift in Sources */,
				793B795E1C3C1129001D2A98 /* TMHeaderCells.swift in Sources */,
				5EF281BB1BE8E5B5002D90EE /* TMMenuViewController.swift in Sources */,
				A7C9CC4D1C0F851F00FF6D74 /* TMCriarViagem2ViewController.swift in Sources */,
				A7C9CC4B1C0F7B3200FF6D74 /* TMCriarViagemHeader.swift in Sources */,
				79F0715D1BCEE87600646DD5 /* Tripme.xcdatamodeld in Sources */,
				793AA9351C11DA2B00095CFD /* TMTripProjectViewCell.swift in Sources */,
			);
			runOnlyForDeploymentPostprocessing = 0;
		};
		79F071641BCEE87600646DD5 /* Sources */ = {
			isa = PBXSourcesBuildPhase;
			buildActionMask = 2147483647;
			files = (
				79F0716D1BCEE87600646DD5 /* TripmeTests.swift in Sources */,
			);
			runOnlyForDeploymentPostprocessing = 0;
		};
		79F0716F1BCEE87600646DD5 /* Sources */ = {
			isa = PBXSourcesBuildPhase;
			buildActionMask = 2147483647;
			files = (
				79F071781BCEE87600646DD5 /* TripmeUITests.swift in Sources */,
			);
			runOnlyForDeploymentPostprocessing = 0;
		};
/* End PBXSourcesBuildPhase section */

/* Begin PBXTargetDependency section */
		79F0716A1BCEE87600646DD5 /* PBXTargetDependency */ = {
			isa = PBXTargetDependency;
			target = 79F071501BCEE87600646DD5 /* Tripme */;
			targetProxy = 79F071691BCEE87600646DD5 /* PBXContainerItemProxy */;
		};
		79F071751BCEE87600646DD5 /* PBXTargetDependency */ = {
			isa = PBXTargetDependency;
			target = 79F071501BCEE87600646DD5 /* Tripme */;
			targetProxy = 79F071741BCEE87600646DD5 /* PBXContainerItemProxy */;
		};
/* End PBXTargetDependency section */

/* Begin PBXVariantGroup section */
		79F071581BCEE87600646DD5 /* Main.storyboard */ = {
			isa = PBXVariantGroup;
			children = (
				79F071591BCEE87600646DD5 /* Base */,
			);
			name = Main.storyboard;
			sourceTree = "<group>";
		};
		79F071601BCEE87600646DD5 /* LaunchScreen.storyboard */ = {
			isa = PBXVariantGroup;
			children = (
				79F071611BCEE87600646DD5 /* Base */,
			);
			name = LaunchScreen.storyboard;
			sourceTree = "<group>";
		};
/* End PBXVariantGroup section */

/* Begin XCBuildConfiguration section */
		79F0717A1BCEE87600646DD5 /* Debug */ = {
			isa = XCBuildConfiguration;
			buildSettings = {
				ALWAYS_SEARCH_USER_PATHS = NO;
				CLANG_CXX_LANGUAGE_STANDARD = "gnu++0x";
				CLANG_CXX_LIBRARY = "libc++";
				CLANG_ENABLE_MODULES = YES;
				CLANG_ENABLE_OBJC_ARC = YES;
				CLANG_WARN_BOOL_CONVERSION = YES;
				CLANG_WARN_CONSTANT_CONVERSION = YES;
				CLANG_WARN_DIRECT_OBJC_ISA_USAGE = YES_ERROR;
				CLANG_WARN_EMPTY_BODY = YES;
				CLANG_WARN_ENUM_CONVERSION = YES;
				CLANG_WARN_INT_CONVERSION = YES;
				CLANG_WARN_OBJC_ROOT_CLASS = YES_ERROR;
				CLANG_WARN_UNREACHABLE_CODE = YES;
				CLANG_WARN__DUPLICATE_METHOD_MATCH = YES;
				"CODE_SIGN_IDENTITY[sdk=iphoneos*]" = "iPhone Developer";
				COPY_PHASE_STRIP = NO;
				DEBUG_INFORMATION_FORMAT = dwarf;
				ENABLE_STRICT_OBJC_MSGSEND = YES;
				ENABLE_TESTABILITY = YES;
				GCC_C_LANGUAGE_STANDARD = gnu99;
				GCC_DYNAMIC_NO_PIC = NO;
				GCC_NO_COMMON_BLOCKS = YES;
				GCC_OPTIMIZATION_LEVEL = 0;
				GCC_PREPROCESSOR_DEFINITIONS = (
					"DEBUG=1",
					"$(inherited)",
				);
				GCC_WARN_64_TO_32_BIT_CONVERSION = YES;
				GCC_WARN_ABOUT_RETURN_TYPE = YES_ERROR;
				GCC_WARN_UNDECLARED_SELECTOR = YES;
				GCC_WARN_UNINITIALIZED_AUTOS = YES_AGGRESSIVE;
				GCC_WARN_UNUSED_FUNCTION = YES;
				GCC_WARN_UNUSED_VARIABLE = YES;
				IPHONEOS_DEPLOYMENT_TARGET = 9.0;
				MTL_ENABLE_DEBUG_INFO = YES;
				ONLY_ACTIVE_ARCH = YES;
				SDKROOT = iphoneos;
				SWIFT_OPTIMIZATION_LEVEL = "-Onone";
				TARGETED_DEVICE_FAMILY = "1,2";
			};
			name = Debug;
		};
		79F0717B1BCEE87600646DD5 /* Release */ = {
			isa = XCBuildConfiguration;
			buildSettings = {
				ALWAYS_SEARCH_USER_PATHS = NO;
				CLANG_CXX_LANGUAGE_STANDARD = "gnu++0x";
				CLANG_CXX_LIBRARY = "libc++";
				CLANG_ENABLE_MODULES = YES;
				CLANG_ENABLE_OBJC_ARC = YES;
				CLANG_WARN_BOOL_CONVERSION = YES;
				CLANG_WARN_CONSTANT_CONVERSION = YES;
				CLANG_WARN_DIRECT_OBJC_ISA_USAGE = YES_ERROR;
				CLANG_WARN_EMPTY_BODY = YES;
				CLANG_WARN_ENUM_CONVERSION = YES;
				CLANG_WARN_INT_CONVERSION = YES;
				CLANG_WARN_OBJC_ROOT_CLASS = YES_ERROR;
				CLANG_WARN_UNREACHABLE_CODE = YES;
				CLANG_WARN__DUPLICATE_METHOD_MATCH = YES;
				"CODE_SIGN_IDENTITY[sdk=iphoneos*]" = "iPhone Developer";
				COPY_PHASE_STRIP = NO;
				DEBUG_INFORMATION_FORMAT = "dwarf-with-dsym";
				ENABLE_NS_ASSERTIONS = NO;
				ENABLE_STRICT_OBJC_MSGSEND = YES;
				GCC_C_LANGUAGE_STANDARD = gnu99;
				GCC_NO_COMMON_BLOCKS = YES;
				GCC_WARN_64_TO_32_BIT_CONVERSION = YES;
				GCC_WARN_ABOUT_RETURN_TYPE = YES_ERROR;
				GCC_WARN_UNDECLARED_SELECTOR = YES;
				GCC_WARN_UNINITIALIZED_AUTOS = YES_AGGRESSIVE;
				GCC_WARN_UNUSED_FUNCTION = YES;
				GCC_WARN_UNUSED_VARIABLE = YES;
				IPHONEOS_DEPLOYMENT_TARGET = 9.0;
				MTL_ENABLE_DEBUG_INFO = NO;
				SDKROOT = iphoneos;
				TARGETED_DEVICE_FAMILY = "1,2";
				VALIDATE_PRODUCT = YES;
			};
			name = Release;
		};
		79F0717D1BCEE87600646DD5 /* Debug */ = {
			isa = XCBuildConfiguration;
			buildSettings = {
				ASSETCATALOG_COMPILER_APPICON_NAME = AppIcon;
				CODE_SIGN_IDENTITY = "iPhone Developer";
				"CODE_SIGN_IDENTITY[sdk=iphoneos*]" = "iPhone Developer";
				FRAMEWORK_SEARCH_PATHS = (
					"$(inherited)",
					"$(PROJECT_DIR)/Tripme",
				);
				INFOPLIST_FILE = Tripme/Info.plist;
				LD_RUNPATH_SEARCH_PATHS = "$(inherited) @executable_path/Frameworks";
				PRODUCT_BUNDLE_IDENTIFIER = com.bepid.Tripme;
				PRODUCT_NAME = "$(TARGET_NAME)";
				PROVISIONING_PROFILE = "";
			};
			name = Debug;
		};
		79F0717E1BCEE87600646DD5 /* Release */ = {
			isa = XCBuildConfiguration;
			buildSettings = {
				ASSETCATALOG_COMPILER_APPICON_NAME = AppIcon;
				CODE_SIGN_IDENTITY = "iPhone Developer";
				"CODE_SIGN_IDENTITY[sdk=iphoneos*]" = "iPhone Developer";
				FRAMEWORK_SEARCH_PATHS = (
					"$(inherited)",
					"$(PROJECT_DIR)/Tripme",
				);
				INFOPLIST_FILE = Tripme/Info.plist;
				LD_RUNPATH_SEARCH_PATHS = "$(inherited) @executable_path/Frameworks";
				PRODUCT_BUNDLE_IDENTIFIER = com.bepid.Tripme;
				PRODUCT_NAME = "$(TARGET_NAME)";
				PROVISIONING_PROFILE = "";
			};
			name = Release;
		};
		79F071801BCEE87600646DD5 /* Debug */ = {
			isa = XCBuildConfiguration;
			buildSettings = {
				BUNDLE_LOADER = "$(TEST_HOST)";
				INFOPLIST_FILE = TripmeTests/Info.plist;
				LD_RUNPATH_SEARCH_PATHS = "$(inherited) @executable_path/Frameworks @loader_path/Frameworks";
				PRODUCT_BUNDLE_IDENTIFIER = com.bepid.TripmeTests;
				PRODUCT_NAME = "$(TARGET_NAME)";
				TEST_HOST = "$(BUILT_PRODUCTS_DIR)/Tripme.app/Tripme";
			};
			name = Debug;
		};
		79F071811BCEE87600646DD5 /* Release */ = {
			isa = XCBuildConfiguration;
			buildSettings = {
				BUNDLE_LOADER = "$(TEST_HOST)";
				INFOPLIST_FILE = TripmeTests/Info.plist;
				LD_RUNPATH_SEARCH_PATHS = "$(inherited) @executable_path/Frameworks @loader_path/Frameworks";
				PRODUCT_BUNDLE_IDENTIFIER = com.bepid.TripmeTests;
				PRODUCT_NAME = "$(TARGET_NAME)";
				TEST_HOST = "$(BUILT_PRODUCTS_DIR)/Tripme.app/Tripme";
			};
			name = Release;
		};
		79F071831BCEE87600646DD5 /* Debug */ = {
			isa = XCBuildConfiguration;
			buildSettings = {
				INFOPLIST_FILE = TripmeUITests/Info.plist;
				LD_RUNPATH_SEARCH_PATHS = "$(inherited) @executable_path/Frameworks @loader_path/Frameworks";
				PRODUCT_BUNDLE_IDENTIFIER = com.bepid.TripmeUITests;
				PRODUCT_NAME = "$(TARGET_NAME)";
				TEST_TARGET_NAME = Tripme;
				USES_XCTRUNNER = YES;
			};
			name = Debug;
		};
		79F071841BCEE87600646DD5 /* Release */ = {
			isa = XCBuildConfiguration;
			buildSettings = {
				INFOPLIST_FILE = TripmeUITests/Info.plist;
				LD_RUNPATH_SEARCH_PATHS = "$(inherited) @executable_path/Frameworks @loader_path/Frameworks";
				PRODUCT_BUNDLE_IDENTIFIER = com.bepid.TripmeUITests;
				PRODUCT_NAME = "$(TARGET_NAME)";
				TEST_TARGET_NAME = Tripme;
				USES_XCTRUNNER = YES;
			};
			name = Release;
		};
/* End XCBuildConfiguration section */

/* Begin XCConfigurationList section */
		79F0714C1BCEE87500646DD5 /* Build configuration list for PBXProject "Tripme" */ = {
			isa = XCConfigurationList;
			buildConfigurations = (
				79F0717A1BCEE87600646DD5 /* Debug */,
				79F0717B1BCEE87600646DD5 /* Release */,
			);
			defaultConfigurationIsVisible = 0;
			defaultConfigurationName = Release;
		};
		79F0717C1BCEE87600646DD5 /* Build configuration list for PBXNativeTarget "Tripme" */ = {
			isa = XCConfigurationList;
			buildConfigurations = (
				79F0717D1BCEE87600646DD5 /* Debug */,
				79F0717E1BCEE87600646DD5 /* Release */,
			);
			defaultConfigurationIsVisible = 0;
			defaultConfigurationName = Release;
		};
		79F0717F1BCEE87600646DD5 /* Build configuration list for PBXNativeTarget "TripmeTests" */ = {
			isa = XCConfigurationList;
			buildConfigurations = (
				79F071801BCEE87600646DD5 /* Debug */,
				79F071811BCEE87600646DD5 /* Release */,
			);
			defaultConfigurationIsVisible = 0;
			defaultConfigurationName = Release;
		};
		79F071821BCEE87600646DD5 /* Build configuration list for PBXNativeTarget "TripmeUITests" */ = {
			isa = XCConfigurationList;
			buildConfigurations = (
				79F071831BCEE87600646DD5 /* Debug */,
				79F071841BCEE87600646DD5 /* Release */,
			);
			defaultConfigurationIsVisible = 0;
			defaultConfigurationName = Release;
		};
/* End XCConfigurationList section */

/* Begin XCVersionGroup section */
		79F0715B1BCEE87600646DD5 /* Tripme.xcdatamodeld */ = {
			isa = XCVersionGroup;
			children = (
				79F0715C1BCEE87600646DD5 /* Tripme.xcdatamodel */,
			);
			currentVersion = 79F0715C1BCEE87600646DD5 /* Tripme.xcdatamodel */;
			path = Tripme.xcdatamodeld;
			sourceTree = "<group>";
			versionGroupType = wrapper.xcdatamodel;
		};
/* End XCVersionGroup section */
	};
	rootObject = 79F071491BCEE87500646DD5 /* Project object */;
}
